
Microsoft Visual Studio Solution File, Format Version 12.00
# Visual Studio 14
VisualStudioVersion = 14.0.25420.1
MinimumVisualStudioVersion = 10.0.40219.1
Project("{2150E333-8FDC-42A3-9474-1A3956D46DE8}") = "das", "das", "{3A4D8B20-57F0-4DA9-80EA-40969D2AFCA1}"
EndProject
Project("{FAE04EC0-301F-11D3-BF4B-00C04F79EFBC}") = "MVC", "project\DAS\MVC\MVC.csproj", "{A4F4C269-10BD-47F2-B754-9A368658EABF}"
EndProject
Project("{2150E333-8FDC-42A3-9474-1A3956D46DE8}") = "Example", "Example", "{264BBD1E-19A6-44EF-AEA8-C7C4CB9522D8}"
EndProject
Project("{FAE04EC0-301F-11D3-BF4B-00C04F79EFBC}") = "Dapper", "project\DAS\Example\Dapper\Dapper.csproj", "{A03EAD7B-5C1F-49D7-9748-B01701DDE7EC}"
EndProject
Project("{FAE04EC0-301F-11D3-BF4B-00C04F79EFBC}") = "Filter", "project\DAS\Example\Filter\Filter.csproj", "{1A77A1AE-9F2A-43B0-AA10-564F3E1A66F3}"
EndProject
Project("{2150E333-8FDC-42A3-9474-1A3956D46DE8}") = "project", "project", "{2CAA7D09-BBE7-41C7-80CF-1997408B34A7}"
EndProject
Project("{E24C65DC-7377-472B-9ABA-BC803B73C61A}") = "Static", "project\Static\", "{50646B8E-21FB-41BB-97D4-650664F55E4E}"
	ProjectSection(WebsiteProperties) = preProject
		TargetFrameworkMoniker = ".NETFramework,Version%3Dv4.5"
		Debug.AspNetCompiler.VirtualPath = "/localhost_40407"
		Debug.AspNetCompiler.PhysicalPath = "project\Static\"
		Debug.AspNetCompiler.TargetPath = "PrecompiledWeb\localhost_40407\"
		Debug.AspNetCompiler.Updateable = "true"
		Debug.AspNetCompiler.ForceOverwrite = "true"
		Debug.AspNetCompiler.FixedNames = "false"
		Debug.AspNetCompiler.Debug = "True"
		Release.AspNetCompiler.VirtualPath = "/localhost_40407"
		Release.AspNetCompiler.PhysicalPath = "project\Static\"
		Release.AspNetCompiler.TargetPath = "PrecompiledWeb\localhost_40407\"
		Release.AspNetCompiler.Updateable = "true"
		Release.AspNetCompiler.ForceOverwrite = "true"
		Release.AspNetCompiler.FixedNames = "false"
		Release.AspNetCompiler.Debug = "False"
		VWDPort = "40407"
		SlnRelativePath = "project\Static\"
		DefaultWebSiteLanguage = "Visual C#"
	EndProjectSection
EndProject
Project("{FAE04EC0-301F-11D3-BF4B-00C04F79EFBC}") = "Reflection", "project\DAS\Example\Reflection\Reflection.csproj", "{2822B836-7D02-4AB9-BEFF-62D974FD852F}"
EndProject
Project("{FAE04EC0-301F-11D3-BF4B-00C04F79EFBC}") = "MD5", "project\DAS\Example\MD5\MD5.csproj", "{96418123-FB0B-4D75-BE34-891170F78F28}"
EndProject
Project("{FAE04EC0-301F-11D3-BF4B-00C04F79EFBC}") = "NOPI", "project\DAS\Example\NOPI\NOPI.csproj", "{AD17956A-EE09-43ED-AAF1-556ED8259223}"
EndProject
Project("{FAE04EC0-301F-11D3-BF4B-00C04F79EFBC}") = "ExecuteSql", "project\DAS\Example\ExecuteSql\ExecuteSql.csproj", "{63A8A171-252E-4E6C-AC47-B95E29782E96}"
EndProject
Project("{FAE04EC0-301F-11D3-BF4B-00C04F79EFBC}") = "Log4", "project\DAS\Example\Log4\Log4.csproj", "{EC74CE07-D6F2-418B-BEC2-32652DBBDCA7}"
EndProject
Project("{FAE04EC0-301F-11D3-BF4B-00C04F79EFBC}") = "Utils", "project\DAS\Example\Utils\Utils.csproj", "{9436F829-84C1-4F9E-9DF3-C5E6C0807FBC}"
EndProject
Global
	GlobalSection(SolutionConfigurationPlatforms) = preSolution
		Debug|Any CPU = Debug|Any CPU
		Release|Any CPU = Release|Any CPU
	EndGlobalSection
	GlobalSection(ProjectConfigurationPlatforms) = postSolution
		{A4F4C269-10BD-47F2-B754-9A368658EABF}.Debug|Any CPU.ActiveCfg = Debug|Any CPU
		{A4F4C269-10BD-47F2-B754-9A368658EABF}.Debug|Any CPU.Build.0 = Debug|Any CPU
		{A4F4C269-10BD-47F2-B754-9A368658EABF}.Release|Any CPU.ActiveCfg = Release|Any CPU
		{A4F4C269-10BD-47F2-B754-9A368658EABF}.Release|Any CPU.Build.0 = Release|Any CPU
		{A03EAD7B-5C1F-49D7-9748-B01701DDE7EC}.Debug|Any CPU.ActiveCfg = Debug|Any CPU
		{A03EAD7B-5C1F-49D7-9748-B01701DDE7EC}.Debug|Any CPU.Build.0 = Debug|Any CPU
		{A03EAD7B-5C1F-49D7-9748-B01701DDE7EC}.Release|Any CPU.ActiveCfg = Release|Any CPU
		{A03EAD7B-5C1F-49D7-9748-B01701DDE7EC}.Release|Any CPU.Build.0 = Release|Any CPU
		{1A77A1AE-9F2A-43B0-AA10-564F3E1A66F3}.Debug|Any CPU.ActiveCfg = Debug|Any CPU
		{1A77A1AE-9F2A-43B0-AA10-564F3E1A66F3}.Debug|Any CPU.Build.0 = Debug|Any CPU
		{1A77A1AE-9F2A-43B0-AA10-564F3E1A66F3}.Release|Any CPU.ActiveCfg = Release|Any CPU
		{1A77A1AE-9F2A-43B0-AA10-564F3E1A66F3}.Release|Any CPU.Build.0 = Release|Any CPU
		{50646B8E-21FB-41BB-97D4-650664F55E4E}.Debug|Any CPU.ActiveCfg = Debug|Any CPU
		{50646B8E-21FB-41BB-97D4-650664F55E4E}.Debug|Any CPU.Build.0 = Debug|Any CPU
		{50646B8E-21FB-41BB-97D4-650664F55E4E}.Release|Any CPU.ActiveCfg = Debug|Any CPU
		{50646B8E-21FB-41BB-97D4-650664F55E4E}.Release|Any CPU.Build.0 = Debug|Any CPU
		{2822B836-7D02-4AB9-BEFF-62D974FD852F}.Debug|Any CPU.ActiveCfg = Debug|Any CPU
		{2822B836-7D02-4AB9-BEFF-62D974FD852F}.Debug|Any CPU.Build.0 = Debug|Any CPU
		{2822B836-7D02-4AB9-BEFF-62D974FD852F}.Release|Any CPU.ActiveCfg = Release|Any CPU
		{2822B836-7D02-4AB9-BEFF-62D974FD852F}.Release|Any CPU.Build.0 = Release|Any CPU
		{96418123-FB0B-4D75-BE34-891170F78F28}.Debug|Any CPU.ActiveCfg = Debug|Any CPU
		{96418123-FB0B-4D75-BE34-891170F78F28}.Debug|Any CPU.Build.0 = Debug|Any CPU
		{96418123-FB0B-4D75-BE34-891170F78F28}.Release|Any CPU.ActiveCfg = Release|Any CPU
		{96418123-FB0B-4D75-BE34-891170F78F28}.Release|Any CPU.Build.0 = Release|Any CPU
		{AD17956A-EE09-43ED-AAF1-556ED8259223}.Debug|Any CPU.ActiveCfg = Debug|Any CPU
		{AD17956A-EE09-43ED-AAF1-556ED8259223}.Debug|Any CPU.Build.0 = Debug|Any CPU
		{AD17956A-EE09-43ED-AAF1-556ED8259223}.Release|Any CPU.ActiveCfg = Release|Any CPU
		{AD17956A-EE09-43ED-AAF1-556ED8259223}.Release|Any CPU.Build.0 = Release|Any CPU
		{63A8A171-252E-4E6C-AC47-B95E29782E96}.Debug|Any CPU.ActiveCfg = Debug|Any CPU
		{63A8A171-252E-4E6C-AC47-B95E29782E96}.Debug|Any CPU.Build.0 = Debug|Any CPU
		{63A8A171-252E-4E6C-AC47-B95E29782E96}.Release|Any CPU.ActiveCfg = Release|Any CPU
		{63A8A171-252E-4E6C-AC47-B95E29782E96}.Release|Any CPU.Build.0 = Release|Any CPU
		{EC74CE07-D6F2-418B-BEC2-32652DBBDCA7}.Debug|Any CPU.ActiveCfg = Debug|Any CPU
		{EC74CE07-D6F2-418B-BEC2-32652DBBDCA7}.Debug|Any CPU.Build.0 = Debug|Any CPU
		{EC74CE07-D6F2-418B-BEC2-32652DBBDCA7}.Release|Any CPU.ActiveCfg = Release|Any CPU
		{EC74CE07-D6F2-418B-BEC2-32652DBBDCA7}.Release|Any CPU.Build.0 = Release|Any CPU
		{9436F829-84C1-4F9E-9DF3-C5E6C0807FBC}.Debug|Any CPU.ActiveCfg = Debug|Any CPU
		{9436F829-84C1-4F9E-9DF3-C5E6C0807FBC}.Debug|Any CPU.Build.0 = Debug|Any CPU
		{9436F829-84C1-4F9E-9DF3-C5E6C0807FBC}.Release|Any CPU.ActiveCfg = Release|Any CPU
		{9436F829-84C1-4F9E-9DF3-C5E6C0807FBC}.Release|Any CPU.Build.0 = Release|Any CPU
	EndGlobalSection
	GlobalSection(SolutionProperties) = preSolution
		HideSolutionNode = FALSE
	EndGlobalSection
	GlobalSection(NestedProjects) = preSolution
		{A4F4C269-10BD-47F2-B754-9A368658EABF} = {3A4D8B20-57F0-4DA9-80EA-40969D2AFCA1}
		{264BBD1E-19A6-44EF-AEA8-C7C4CB9522D8} = {3A4D8B20-57F0-4DA9-80EA-40969D2AFCA1}
		{A03EAD7B-5C1F-49D7-9748-B01701DDE7EC} = {264BBD1E-19A6-44EF-AEA8-C7C4CB9522D8}
		{1A77A1AE-9F2A-43B0-AA10-564F3E1A66F3} = {264BBD1E-19A6-44EF-AEA8-C7C4CB9522D8}
		{50646B8E-21FB-41BB-97D4-650664F55E4E} = {2CAA7D09-BBE7-41C7-80CF-1997408B34A7}
		{2822B836-7D02-4AB9-BEFF-62D974FD852F} = {264BBD1E-19A6-44EF-AEA8-C7C4CB9522D8}
		{96418123-FB0B-4D75-BE34-891170F78F28} = {264BBD1E-19A6-44EF-AEA8-C7C4CB9522D8}
		{AD17956A-EE09-43ED-AAF1-556ED8259223} = {264BBD1E-19A6-44EF-AEA8-C7C4CB9522D8}
		{63A8A171-252E-4E6C-AC47-B95E29782E96} = {264BBD1E-19A6-44EF-AEA8-C7C4CB9522D8}
		{EC74CE07-D6F2-418B-BEC2-32652DBBDCA7} = {264BBD1E-19A6-44EF-AEA8-C7C4CB9522D8}
		{9436F829-84C1-4F9E-9DF3-C5E6C0807FBC} = {264BBD1E-19A6-44EF-AEA8-C7C4CB9522D8}
	EndGlobalSection
EndGlobal
